lockfileVersion: '6.0'

settings:
  autoInstallPeers: true
  excludeLinksFromLockfile: false

dependencies:
  axios:
    specifier: ^1.7.7
    version: 1.7.7
  qs:
    specifier: ^6.13.0
    version: 6.13.0
  zod:
    specifier: ^3.23.8
    version: 3.23.8

devDependencies:
  '@rslib/core':
    specifier: ^0.0.16
    version: 0.0.16(typescript@5.6.3)
  '@types/node':
    specifier: ^22.8.1
    version: 22.9.0
  '@types/qs':
    specifier: ^6.9.17
    version: 6.9.17
  typescript:
    specifier: ^5.6.3
    version: 5.6.3

packages:

  /@jridgewell/sourcemap-codec@1.5.0:
    resolution: {integrity: sha512-gv3ZRaISU3fjPAgNsriBRqGWQL6quFx04YMPW/zD8XMLsU32mhCCbfbO6KZFLjvYpCZ8zyDEgqsgf+PwPaM7GQ==}
    dev: true

  /@module-federation/runtime-tools@0.5.1:
    resolution: {integrity: sha512-nfBedkoZ3/SWyO0hnmaxuz0R0iGPSikHZOAZ0N/dVSQaIzlffUo35B5nlC2wgWIc0JdMZfkwkjZRrnuuDIJbzg==}
    dependencies:
      '@module-federation/runtime': 0.5.1
      '@module-federation/webpack-bundler-runtime': 0.5.1
    dev: true

  /@module-federation/runtime@0.5.1:
    resolution: {integrity: sha512-xgiMUWwGLWDrvZc9JibuEbXIbhXg6z2oUkemogSvQ4LKvrl/n0kbqP1Blk669mXzyWbqtSp6PpvNdwaE1aN5xQ==}
    dependencies:
      '@module-federation/sdk': 0.5.1
    dev: true

  /@module-federation/sdk@0.5.1:
    resolution: {integrity: sha512-exvchtjNURJJkpqjQ3/opdbfeT2wPKvrbnGnyRkrwW5o3FH1LaST1tkiNviT6OXTexGaVc2DahbdniQHVtQ7pA==}
    dev: true

  /@module-federation/webpack-bundler-runtime@0.5.1:
    resolution: {integrity: sha512-mMhRFH0k2VjwHt3Jol9JkUsmI/4XlrAoBG3E0o7HoyoPYv1UFOWyqAflfANcUPgbYpvqmyLzDcO+3IT36LXnrA==}
    dependencies:
      '@module-federation/runtime': 0.5.1
      '@module-federation/sdk': 0.5.1
    dev: true

  /@rsbuild/core@1.0.19:
    resolution: {integrity: sha512-63DAPvYfRBoUrb51BUPb4Xoqx48MHQ0yLcmnCiqZGpMeKYtTWzD+lyx5va4cr9qvdnIFTAX2BMuYC/j5iSrtTA==}
    engines: {node: '>=16.7.0'}
    hasBin: true
    dependencies:
      '@rspack/core': 1.0.14(@swc/helpers@0.5.13)
      '@rspack/lite-tapable': 1.0.1
      '@swc/helpers': 0.5.13
      core-js: 3.38.1
    optionalDependencies:
      fsevents: 2.3.3
    dev: true

  /@rslib/core@0.0.16(typescript@5.6.3):
    resolution: {integrity: sha512-g6IFUZW0K7DDKK/27kF7DOKhP5JIqZoIVAU0c9DZffRE3Pw9sWTyEyVN/kaEnp5k3gaeQTBpcV9nSW+41B2slQ==}
    engines: {node: '>=16.0.0'}
    hasBin: true
    peerDependencies:
      '@microsoft/api-extractor': ^7
      typescript: ^5
    peerDependenciesMeta:
      '@microsoft/api-extractor':
        optional: true
      typescript:
        optional: true
    dependencies:
      '@rsbuild/core': 1.0.19
      rsbuild-plugin-dts: 0.0.16(@rsbuild/core@1.0.19)(typescript@5.6.3)
      tinyglobby: 0.2.10
      typescript: 5.6.3
    dev: true

  /@rspack/binding-darwin-arm64@1.0.14:
    resolution: {integrity: sha512-dHvlF6T6ctThGDIdvkSdacroA1xlCxfteuppBj8BX/UxzLPr4xsaEtNilfJmFfd2/J02UQyTQauN/9EBuA+YkA==}
    cpu: [arm64]
    os: [darwin]
    requiresBuild: true
    dev: true
    optional: true

  /@rspack/binding-darwin-x64@1.0.14:
    resolution: {integrity: sha512-q4Da1Bn/4xTLhhnOkT+fjP2STsSCfp4z03/J/h8tCVG/UYz56Ud3q1UEOK33c5Fxw1C4GlhEh5yYOlSAdxFQLQ==}
    cpu: [x64]
    os: [darwin]
    requiresBuild: true
    dev: true
    optional: true

  /@rspack/binding-linux-arm64-gnu@1.0.14:
    resolution: {integrity: sha512-JogYtL3VQS9wJ3p3FNhDqinm7avrMsdwz4erP7YCjD7idob93GYAE7dPrHUzSNVnCBYXRaHJYZHDQs7lKVcYZw==}
    cpu: [arm64]
    os: [linux]
    requiresBuild: true
    dev: true
    optional: true

  /@rspack/binding-linux-arm64-musl@1.0.14:
    resolution: {integrity: sha512-qgybhxI/nnoa8CUz7zKTC0Oh37NZt9uRxsSV7+ZYrfxqbrVCoNVuutPpY724uUHy1M6W34kVEm1uT1N4Ka5cZg==}
    cpu: [arm64]
    os: [linux]
    requiresBuild: true
    dev: true
    optional: true

  /@rspack/binding-linux-x64-gnu@1.0.14:
    resolution: {integrity: sha512-5vzaDRw3/sGKo3ax/1cU3/cxqNjajwlt2LU288vXNe1/n8oe/pcDfYcTugpOe/A1DqzadanudJszLpFcKsaFtQ==}
    cpu: [x64]
    os: [linux]
    requiresBuild: true
    dev: true
    optional: true

  /@rspack/binding-linux-x64-musl@1.0.14:
    resolution: {integrity: sha512-4U6QD9xVS1eGme52DuJr6Fg/KdcUfJ+iKwH49Up460dZ/fLvGylnVGA+V0mzPlKi8gfy7NwFuYXZdu3Pwi1YYg==}
    cpu: [x64]
    os: [linux]
    requiresBuild: true
    dev: true
    optional: true

  /@rspack/binding-win32-arm64-msvc@1.0.14:
    resolution: {integrity: sha512-SjeYw7qqRHYZ5RPClu+ffKZsShQdU3amA1OwC3M0AS6dbfEcji8482St3Y8Z+QSzYRapCEZij9LMM/9ypEhISg==}
    cpu: [arm64]
    os: [win32]
    requiresBuild: true
    dev: true
    optional: true

  /@rspack/binding-win32-ia32-msvc@1.0.14:
    resolution: {integrity: sha512-m1gUiVyz3Z3VYIK/Ayo5CVHBjnEeRk9a+KIpKSsq1yhZItnMgjtr4bKabU9vjxalO4UoaSmVzODJI8lJBlnn5Q==}
    cpu: [ia32]
    os: [win32]
    requiresBuild: true
    dev: true
    optional: true

  /@rspack/binding-win32-x64-msvc@1.0.14:
    resolution: {integrity: sha512-Gbeg+bayMF9VP9xmlxySL/TC2XrS6/LZM/pqcNOTLHx6LMG/VXCcmKB0rOZo8MzLXEt8D/lQmQ/B6g7pSaAw0g==}
    cpu: [x64]
    os: [win32]
    requiresBuild: true
    dev: true
    optional: true

  /@rspack/binding@1.0.14:
    resolution: {integrity: sha512-0wWqFvr9hkF4LgNPgWfkTU0hhkZAMvOytoCs2p+wDX1Up1E/SgJ1U1JAsCxsl1XtUKm7mRvdWHzJmHbza3y89Q==}
    optionalDependencies:
      '@rspack/binding-darwin-arm64': 1.0.14
      '@rspack/binding-darwin-x64': 1.0.14
      '@rspack/binding-linux-arm64-gnu': 1.0.14
      '@rspack/binding-linux-arm64-musl': 1.0.14
      '@rspack/binding-linux-x64-gnu': 1.0.14
      '@rspack/binding-linux-x64-musl': 1.0.14
      '@rspack/binding-win32-arm64-msvc': 1.0.14
      '@rspack/binding-win32-ia32-msvc': 1.0.14
      '@rspack/binding-win32-x64-msvc': 1.0.14
    dev: true

  /@rspack/core@1.0.14(@swc/helpers@0.5.13):
    resolution: {integrity: sha512-xHl23lxJZNjItGc5YuE9alz3yjb56y7EgJmAcBMPHMqgjtUt8rBu4xd/cSUjbr9/lLF9N4hdyoJiPJOFs9LEjw==}
    engines: {node: '>=16.0.0'}
    peerDependencies:
      '@swc/helpers': '>=0.5.1'
    peerDependenciesMeta:
      '@swc/helpers':
        optional: true
    dependencies:
      '@module-federation/runtime-tools': 0.5.1
      '@rspack/binding': 1.0.14
      '@rspack/lite-tapable': 1.0.1
      '@swc/helpers': 0.5.13
      caniuse-lite: 1.0.30001679
    dev: true

  /@rspack/lite-tapable@1.0.1:
    resolution: {integrity: sha512-VynGOEsVw2s8TAlLf/uESfrgfrq2+rcXB1muPJYBWbsm1Oa6r5qVQhjA5ggM6z/coYPrsVMgovl3Ff7Q7OCp1w==}
    engines: {node: '>=16.0.0'}
    dev: true

  /@swc/helpers@0.5.13:
    resolution: {integrity: sha512-UoKGxQ3r5kYI9dALKJapMmuK+1zWM/H17Z1+iwnNmzcJRnfFuevZs375TA5rW31pu4BS4NoSy1fRsexDXfWn5w==}
    dependencies:
      tslib: 2.8.1
    dev: true

  /@types/node@22.9.0:
    resolution: {integrity: sha512-vuyHg81vvWA1Z1ELfvLko2c8f34gyA0zaic0+Rllc5lbCnbSyuvb2Oxpm6TAUAC/2xZN3QGqxBNggD1nNR2AfQ==}
    dependencies:
      undici-types: 6.19.8
    dev: true

  /@types/qs@6.9.17:
    resolution: {integrity: sha512-rX4/bPcfmvxHDv0XjfJELTTr+iB+tn032nPILqHm5wbthUUUuVtNGGqzhya9XUxjTP8Fpr0qYgSZZKxGY++svQ==}
    dev: true

  /asynckit@0.4.0:
    resolution: {integrity: sha512-Oei9OH4tRh0YqU3GxhX79dM/mwVgvbZJaSNaRk+bshkj0S5cfHcgYakreBjrHwatXKbz+IoIdYLxrKim2MjW0Q==}
    dev: false

  /axios@1.7.7:
    resolution: {integrity: sha512-S4kL7XrjgBmvdGut0sN3yJxqYzrDOnivkBiN0OFs6hLiUam3UPvswUo0kqGyhqUZGEOytHyumEdXsAkgCOUf3Q==}
    dependencies:
      follow-redirects: 1.15.9
      form-data: 4.0.1
      proxy-from-env: 1.1.0
    transitivePeerDependencies:
      - debug
    dev: false

  /call-bind@1.0.7:
    resolution: {integrity: sha512-GHTSNSYICQ7scH7sZ+M2rFopRoLh8t2bLSW6BbgrtLsahOIB5iyAVJf9GjWK3cYTDaMj4XdBpM1cA6pIS0Kv2w==}
    engines: {node: '>= 0.4'}
    dependencies:
      es-define-property: 1.0.0
      es-errors: 1.3.0
      function-bind: 1.1.2
      get-intrinsic: 1.2.4
      set-function-length: 1.2.2
    dev: false

  /caniuse-lite@1.0.30001679:
    resolution: {integrity: sha512-j2YqID/YwpLnKzCmBOS4tlZdWprXm3ZmQLBH9ZBXFOhoxLA46fwyBvx6toCBWBmnuwUY/qB3kEU6gFx8qgCroA==}
    dev: true

  /combined-stream@1.0.8:
    resolution: {integrity: sha512-FQN4MRfuJeHf7cBbBMJFXhKSDq+2kAArBlmRBvcvFE5BB1HZKXtSFASDhdlz9zOYwxh8lDdnvmMOe/+5cdoEdg==}
    engines: {node: '>= 0.8'}
    dependencies:
      delayed-stream: 1.0.0
    dev: false

  /core-js@3.38.1:
    resolution: {integrity: sha512-OP35aUorbU3Zvlx7pjsFdu1rGNnD4pgw/CWoYzRY3t2EzoVT7shKHY1dlAy3f41cGIO7ZDPQimhGFTlEYkG/Hw==}
    requiresBuild: true
    dev: true

  /define-data-property@1.1.4:
    resolution: {integrity: sha512-rBMvIzlpA8v6E+SJZoo++HAYqsLrkg7MSfIinMPFhmkorw7X+dOXVJQs+QT69zGkzMyfDnIMN2Wid1+NbL3T+A==}
    engines: {node: '>= 0.4'}
    dependencies:
      es-define-property: 1.0.0
      es-errors: 1.3.0
      gopd: 1.0.1
    dev: false

  /delayed-stream@1.0.0:
    resolution: {integrity: sha512-ZySD7Nf91aLB0RxL4KGrKHBXl7Eds1DAmEdcoVawXnLD7SDhpNgtuII2aAkg7a7QS41jxPSZ17p4VdGnMHk3MQ==}
    engines: {node: '>=0.4.0'}
    dev: false

  /es-define-property@1.0.0:
    resolution: {integrity: sha512-jxayLKShrEqqzJ0eumQbVhTYQM27CfT1T35+gCgDFoL82JLsXqTJ76zv6A0YLOgEnLUMvLzsDsGIrl8NFpT2gQ==}
    engines: {node: '>= 0.4'}
    dependencies:
      get-intrinsic: 1.2.4
    dev: false

  /es-errors@1.3.0:
    resolution: {integrity: sha512-Zf5H2Kxt2xjTvbJvP2ZWLEICxA6j+hAmMzIlypy4xcBg1vKVnx89Wy0GbS+kf5cwCVFFzdCFh2XSCFNULS6csw==}
    engines: {node: '>= 0.4'}
    dev: false

  /fdir@6.4.2(picomatch@4.0.2):
    resolution: {integrity: sha512-KnhMXsKSPZlAhp7+IjUkRZKPb4fUyccpDrdFXbi4QL1qkmFh9kVY09Yox+n4MaOb3lHZ1Tv829C3oaaXoMYPDQ==}
    peerDependencies:
      picomatch: ^3 || ^4
    peerDependenciesMeta:
      picomatch:
        optional: true
    dependencies:
      picomatch: 4.0.2
    dev: true

  /follow-redirects@1.15.9:
    resolution: {integrity: sha512-gew4GsXizNgdoRyqmyfMHyAmXsZDk6mHkSxZFCzW9gwlbtOW44CDtYavM+y+72qD/Vq2l550kMF52DT8fOLJqQ==}
    engines: {node: '>=4.0'}
    peerDependencies:
      debug: '*'
    peerDependenciesMeta:
      debug:
        optional: true
    dev: false

  /form-data@4.0.1:
    resolution: {integrity: sha512-tzN8e4TX8+kkxGPK8D5u0FNmjPUjw3lwC9lSLxxoB/+GtsJG91CO8bSWy73APlgAZzZbXEYZJuxjkHH2w+Ezhw==}
    engines: {node: '>= 6'}
    dependencies:
      asynckit: 0.4.0
      combined-stream: 1.0.8
      mime-types: 2.1.35
    dev: false

  /fsevents@2.3.3:
    resolution: {integrity: sha512-5xoDfX+fL7faATnagmWPpbFtwh/R77WmMMqqHGS65C3vvB0YHrgF+B1YmZ3441tMj5n63k0212XNoJwzlhffQw==}
    engines: {node: ^8.16.0 || ^10.6.0 || >=11.0.0}
    os: [darwin]
    requiresBuild: true
    dev: true
    optional: true

  /function-bind@1.1.2:
    resolution: {integrity: sha512-7XHNxH7qX9xG5mIwxkhumTox/MIRNcOgDrxWsMt2pAr23WHp6MrRlN7FBSFpCpr+oVO0F744iUgR82nJMfG2SA==}
    dev: false

  /get-intrinsic@1.2.4:
    resolution: {integrity: sha512-5uYhsJH8VJBTv7oslg4BznJYhDoRI6waYCxMmCdnTrcCrHA/fCFKoTFz2JKKE0HdDFUF7/oQuhzumXJK7paBRQ==}
    engines: {node: '>= 0.4'}
    dependencies:
      es-errors: 1.3.0
      function-bind: 1.1.2
      has-proto: 1.0.3
      has-symbols: 1.0.3
      hasown: 2.0.2
    dev: false

  /gopd@1.0.1:
    resolution: {integrity: sha512-d65bNlIadxvpb/A2abVdlqKqV563juRnZ1Wtk6s1sIR8uNsXR70xqIzVqxVf1eTqDunwT2MkczEeaezCKTZhwA==}
    dependencies:
      get-intrinsic: 1.2.4
    dev: false

  /has-property-descriptors@1.0.2:
    resolution: {integrity: sha512-55JNKuIW+vq4Ke1BjOTjM2YctQIvCT7GFzHwmfZPGo5wnrgkid0YQtnAleFSqumZm4az3n2BS+erby5ipJdgrg==}
    dependencies:
      es-define-property: 1.0.0
    dev: false

  /has-proto@1.0.3:
    resolution: {integrity: sha512-SJ1amZAJUiZS+PhsVLf5tGydlaVB8EdFpaSO4gmiUKUOxk8qzn5AIy4ZeJUmh22znIdk/uMAUT2pl3FxzVUH+Q==}
    engines: {node: '>= 0.4'}
    dev: false

  /has-symbols@1.0.3:
    resolution: {integrity: sha512-l3LCuF6MgDNwTDKkdYGEihYjt5pRPbEg46rtlmnSPlUbgmB8LOIrKJbYYFBSbnPaJexMKtiPO8hmeRjRz2Td+A==}
    engines: {node: '>= 0.4'}
    dev: false

  /hasown@2.0.2:
    resolution: {integrity: sha512-0hJU9SCPvmMzIBdZFqNPXWa6dqh7WdH0cII9y+CyS8rG3nL48Bclra9HmKhVVUHyPWNH5Y7xDwAB7bfgSjkUMQ==}
    engines: {node: '>= 0.4'}
    dependencies:
      function-bind: 1.1.2
    dev: false

  /magic-string@0.30.12:
    resolution: {integrity: sha512-Ea8I3sQMVXr8JhN4z+H/d8zwo+tYDgHE9+5G4Wnrwhs0gaK9fXTKx0Tw5Xwsd/bCPTTZNRAdpyzvoeORe9LYpw==}
    dependencies:
      '@jridgewell/sourcemap-codec': 1.5.0
    dev: true

  /mime-db@1.52.0:
    resolution: {integrity: sha512-sPU4uV7dYlvtWJxwwxHD0PuihVNiE7TyAbQ5SWxDCB9mUYvOgroQOwYQQOKPJ8CIbE+1ETVlOoK1UC2nU3gYvg==}
    engines: {node: '>= 0.6'}
    dev: false

  /mime-types@2.1.35:
    resolution: {integrity: sha512-ZDY+bPm5zTTF+YpCrAU9nK0UgICYPT0QtT1NZWFv4s++TNkcgVaT0g6+4R2uI4MjQjzysHB1zxuWL50hzaeXiw==}
    engines: {node: '>= 0.6'}
    dependencies:
      mime-db: 1.52.0
    dev: false

  /object-inspect@1.13.3:
    resolution: {integrity: sha512-kDCGIbxkDSXE3euJZZXzc6to7fCrKHNI/hSRQnRuQ+BWjFNzZwiFF8fj/6o2t2G9/jTj8PSIYTfCLelLZEeRpA==}
    engines: {node: '>= 0.4'}
    dev: false

  /picocolors@1.1.1:
    resolution: {integrity: sha512-xceH2snhtb5M9liqDsmEw56le376mTZkEX/jEb/RxNFyegNul7eNslCXP9FDj/Lcu0X8KEyMceP2ntpaHrDEVA==}
    dev: true

  /picomatch@4.0.2:
    resolution: {integrity: sha512-M7BAV6Rlcy5u+m6oPhAPFgJTzAioX/6B0DxyvDlo9l8+T3nLKbrczg2WLUyzd45L8RqfUMyGPzekbMvX2Ldkwg==}
    engines: {node: '>=12'}
    dev: true

  /proxy-from-env@1.1.0:
    resolution: {integrity: sha512-D+zkORCbA9f1tdWRK0RaCR3GPv50cMxcrz4X8k5LTSUD1Dkw47mKJEZQNunItRTkWwgtaUSo1RVFRIG9ZXiFYg==}
    dev: false

  /qs@6.13.0:
    resolution: {integrity: sha512-+38qI9SOr8tfZ4QmJNplMUxqjbe7LKvvZgWdExBOmd+egZTtjLB67Gu0HRX3u/XOq7UU2Nx6nsjvS16Z9uwfpg==}
    engines: {node: '>=0.6'}
    dependencies:
      side-channel: 1.0.6
    dev: false

  /rsbuild-plugin-dts@0.0.16(@rsbuild/core@1.0.19)(typescript@5.6.3):
    resolution: {integrity: sha512-Yfc7h1cTTp55baLgS6DVa3mlLaFlNfoUVmcX7hCH1BT1fNbMabnngvXDtfqJpP62QyXcfrXNmcW0fznTYKgKmA==}
    engines: {node: '>=16.0.0'}
    peerDependencies:
      '@microsoft/api-extractor': ^7
      '@rsbuild/core': 1.x
      typescript: ^5
    peerDependenciesMeta:
      '@microsoft/api-extractor':
        optional: true
      typescript:
        optional: true
    dependencies:
      '@rsbuild/core': 1.0.19
      magic-string: 0.30.12
      picocolors: 1.1.1
      tinyglobby: 0.2.10
      typescript: 5.6.3
    dev: true

  /set-function-length@1.2.2:
    resolution: {integrity: sha512-pgRc4hJ4/sNjWCSS9AmnS40x3bNMDTknHgL5UaMBTMyJnU90EgWh1Rz+MC9eFu4BuN/UwZjKQuY/1v3rM7HMfg==}
    engines: {node: '>= 0.4'}
    dependencies:
      define-data-property: 1.1.4
      es-errors: 1.3.0
      function-bind: 1.1.2
      get-intrinsic: 1.2.4
      gopd: 1.0.1
      has-property-descriptors: 1.0.2
    dev: false

  /side-channel@1.0.6:
    resolution: {integrity: sha512-fDW/EZ6Q9RiO8eFG8Hj+7u/oW+XrPTIChwCOM2+th2A6OblDtYYIpve9m+KvI9Z4C9qSEXlaGR6bTEYHReuglA==}
    engines: {node: '>= 0.4'}
    dependencies:
      call-bind: 1.0.7
      es-errors: 1.3.0
      get-intrinsic: 1.2.4
      object-inspect: 1.13.3
    dev: false

  /tinyglobby@0.2.10:
    resolution: {integrity: sha512-Zc+8eJlFMvgatPZTl6A9L/yht8QqdmUNtURHaKZLmKBE12hNPSrqNkUp2cs3M/UKmNVVAMFQYSjYIVHDjW5zew==}
    engines: {node: '>=12.0.0'}
    dependencies:
      fdir: 6.4.2(picomatch@4.0.2)
      picomatch: 4.0.2
    dev: true

  /tslib@2.8.1:
    resolution: {integrity: sha512-oJFu94HQb+KVduSUQL7wnpmqnfmLsOA/nAh6b6EH0wCEoK0/mPeXU6c3wKDV83MkOuHPRHtSXKKU99IBazS/2w==}
    dev: true

  /typescript@5.6.3:
    resolution: {integrity: sha512-hjcS1mhfuyi4WW8IWtjP7brDrG2cuDZukyrYrSauoXGNgx0S7zceP07adYkJycEr56BOUTNPzbInooiN3fn1qw==}
    engines: {node: '>=14.17'}
    hasBin: true
    dev: true

  /undici-types@6.19.8:
    resolution: {integrity: sha512-ve2KP6f/JnbPBFyobGHuerC9g1FYGn/F8n1LWTwNxCEzd6IfqTwUQcNXgEtmmQ6DlRrC1hrSrBnCZPokRrDHjw==}
    dev: true

  /zod@3.23.8:
    resolution: {integrity: sha512-XBx9AXhXktjUqnepgTiE5flcKIYWi/rme0Eaj+5Y0lftuGBq+jyRu/md4WnuxqgP1ubdpNCsYEYPxrzVHD8d6g==}
    dev: false
